// !$*UTF8*$!
{
	archiveVersion = 1;
	classes = {
	};
	objectVersion = 56;
	objects = {

/* Begin PBXBuildFile section */
		3B214D642982CDBA0064F61B /* Marvel_MysteryApp.swift in Sources */ = {isa = PBXBuildFile; fileRef = 3B214D632982CDBA0064F61B /* Marvel_MysteryApp.swift */; };
		3B214D682982CDBB0064F61B /* Assets.xcassets in Resources */ = {isa = PBXBuildFile; fileRef = 3B214D672982CDBB0064F61B /* Assets.xcassets */; };
		3B214D6B2982CDBB0064F61B /* Preview Assets.xcassets in Resources */ = {isa = PBXBuildFile; fileRef = 3B214D6A2982CDBB0064F61B /* Preview Assets.xcassets */; };
		3B214D742982CE3F0064F61B /* DifficultyLevelView.swift in Sources */ = {isa = PBXBuildFile; fileRef = 3B214D732982CE3F0064F61B /* DifficultyLevelView.swift */; };
		3B214D762982CE520064F61B /* HeroSelectionView.swift in Sources */ = {isa = PBXBuildFile; fileRef = 3B214D752982CE520064F61B /* HeroSelectionView.swift */; };
		3B214D782982CE860064F61B /* GameplayView.swift in Sources */ = {isa = PBXBuildFile; fileRef = 3B214D772982CE860064F61B /* GameplayView.swift */; };
		3B214D7A2982CE9F0064F61B /* CongratulationsView.swift in Sources */ = {isa = PBXBuildFile; fileRef = 3B214D792982CE9F0064F61B /* CongratulationsView.swift */; };
		3B214D7E2982D15D0064F61B /* MainMenuView.swift in Sources */ = {isa = PBXBuildFile; fileRef = 3B214D7D2982D15D0064F61B /* MainMenuView.swift */; };
		3B214D822982D1E60064F61B /* ContentView.swift in Sources */ = {isa = PBXBuildFile; fileRef = 3B214D812982D1E60064F61B /* ContentView.swift */; };
		3B214D842982D4210064F61B /* ListOfCharacters.swift in Sources */ = {isa = PBXBuildFile; fileRef = 3B214D832982D4210064F61B /* ListOfCharacters.swift */; };
/* End PBXBuildFile section */

/* Begin PBXFileReference section */
		3B214D602982CDBA0064F61B /* Marvel Mystery.app */ = {isa = PBXFileReference; explicitFileType = wrapper.application; includeInIndex = 0; path = "Marvel Mystery.app"; sourceTree = BUILT_PRODUCTS_DIR; };
		3B214D632982CDBA0064F61B /* Marvel_MysteryApp.swift */ = {isa = PBXFileReference; lastKnownFileType = sourcecode.swift; path = Marvel_MysteryApp.swift; sourceTree = "<group>"; };
		3B214D672982CDBB0064F61B /* Assets.xcassets */ = {isa = PBXFileReference; lastKnownFileType = folder.assetcatalog; path = Assets.xcassets; sourceTree = "<group>"; };
		3B214D6A2982CDBB0064F61B /* Preview Assets.xcassets */ = {isa = PBXFileReference; lastKnownFileType = folder.assetcatalog; path = "Preview Assets.xcassets"; sourceTree = "<group>"; };
		3B214D732982CE3F0064F61B /* DifficultyLevelView.swift */ = {isa = PBXFileReference; lastKnownFileType = sourcecode.swift; path = DifficultyLevelView.swift; sourceTree = "<group>"; };
		3B214D752982CE520064F61B /* HeroSelectionView.swift */ = {isa = PBXFileReference; lastKnownFileType = sourcecode.swift; path = HeroSelectionView.swift; sourceTree = "<group>"; };
		3B214D772982CE860064F61B /* GameplayView.swift */ = {isa = PBXFileReference; lastKnownFileType = sourcecode.swift; path = GameplayView.swift; sourceTree = "<group>"; };
		3B214D792982CE9F0064F61B /* CongratulationsView.swift */ = {isa = PBXFileReference; lastKnownFileType = sourcecode.swift; path = CongratulationsView.swift; sourceTree = "<group>"; };
		3B214D7D2982D15D0064F61B /* MainMenuView.swift */ = {isa = PBXFileReference; lastKnownFileType = sourcecode.swift; path = MainMenuView.swift; sourceTree = "<group>"; };
		3B214D812982D1E60064F61B /* ContentView.swift */ = {isa = PBXFileReference; lastKnownFileType = sourcecode.swift; path = ContentView.swift; sourceTree = "<group>"; };
		3B214D832982D4210064F61B /* ListOfCharacters.swift */ = {isa = PBXFileReference; lastKnownFileType = sourcecode.swift; path = ListOfCharacters.swift; sourceTree = "<group>"; };
/* End PBXFileReference section */

/* Begin PBXFrameworksBuildPhase section */
		3B214D5D2982CDBA0064F61B /* Frameworks */ = {
			isa = PBXFrameworksBuildPhase;
			buildActionMask = 2147483647;
			files = (
			);
			runOnlyForDeploymentPostprocessing = 0;
		};
/* End PBXFrameworksBuildPhase section */

/* Begin PBXGroup section */
		3B214D572982CDBA0064F61B = {
			isa = PBXGroup;
			children = (
				3B214D622982CDBA0064F61B /* Marvel Mystery */,
				3B214D612982CDBA0064F61B /* Products */,
			);
			sourceTree = "<group>";
		};
		3B214D612982CDBA0064F61B /* Products */ = {
			isa = PBXGroup;
			children = (
				3B214D602982CDBA0064F61B /* Marvel Mystery.app */,
			);
			name = Products;
			sourceTree = "<group>";
		};
		3B214D622982CDBA0064F61B /* Marvel Mystery */ = {
			isa = PBXGroup;
			children = (
				3B214D7D2982D15D0064F61B /* MainMenuView.swift */,
				3B214D732982CE3F0064F61B /* DifficultyLevelView.swift */,
				3B214D752982CE520064F61B /* HeroSelectionView.swift */,
				3B214D772982CE860064F61B /* GameplayView.swift */,
				3B214D792982CE9F0064F61B /* CongratulationsView.swift */,
				3B214D832982D4210064F61B /* ListOfCharacters.swift */,
				3B214D812982D1E60064F61B /* ContentView.swift */,
				3B214D632982CDBA0064F61B /* Marvel_MysteryApp.swift */,
				3B214D672982CDBB0064F61B /* Assets.xcassets */,
				3B214D692982CDBB0064F61B /* Preview Content */,
			);
			path = "Marvel Mystery";
			sourceTree = "<group>";
		};
		3B214D692982CDBB0064F61B /* Preview Content */ = {
			isa = PBXGroup;
			children = (
				3B214D6A2982CDBB0064F61B /* Preview Assets.xcassets */,
			);
			path = "Preview Content";
			sourceTree = "<group>";
		};
/* End PBXGroup section */

/* Begin PBXNativeTarget section */
		3B214D5F2982CDBA0064F61B /* Marvel Mystery */ = {
			isa = PBXNativeTarget;
			buildConfigurationList = 3B214D6E2982CDBB0064F61B /* Build configuration list for PBXNativeTarget "Marvel Mystery" */;
			buildPhases = (
				3B214D5C2982CDBA0064F61B /* Sources */,
				3B214D5D2982CDBA0064F61B /* Frameworks */,
				3B214D5E2982CDBA0064F61B /* Resources */,
			);
			buildRules = (
			);
			dependencies = (
			);
			name = "Marvel Mystery";
			productName = "Marvel Mystery";
			productReference = 3B214D602982CDBA0064F61B /* Marvel Mystery.app */;
			productType = "com.apple.product-type.application";
		};
/* End PBXNativeTarget section */

/* Begin PBXProject section */
		3B214D582982CDBA0064F61B /* Project object */ = {
			isa = PBXProject;
			attributes = {
				BuildIndependentTargetsInParallel = 1;
				LastSwiftUpdateCheck = 1420;
				LastUpgradeCheck = 1420;
				TargetAttributes = {
					3B214D5F2982CDBA0064F61B = {
						CreatedOnToolsVersion = 14.2;
					};
				};
			};
			buildConfigurationList = 3B214D5B2982CDBA0064F61B /* Build configuration list for PBXProject "Marvel Mystery" */;
			compatibilityVersion = "Xcode 14.0";
			developmentRegion = en;
			hasScannedForEncodings = 0;
			knownRegions = (
				en,
				Base,
			);
			mainGroup = 3B214D572982CDBA0064F61B;
			productRefGroup = 3B214D612982CDBA0064F61B /* Products */;
			projectDirPath = "";
			projectRoot = "";
			targets = (
				3B214D5F2982CDBA0064F61B /* Marvel Mystery */,
			);
		};
/* End PBXProject section */

/* Begin PBXResourcesBuildPhase section */
		3B214D5E2982CDBA0064F61B /* Resources */ = {
			isa = PBXResourcesBuildPhase;
			buildActionMask = 2147483647;
			files = (
				3B214D6B2982CDBB0064F61B /* Preview Assets.xcassets in Resources */,
				3B214D682982CDBB0064F61B /* Assets.xcassets in Resources */,
			);
			runOnlyForDeploymentPostprocessing = 0;
		};
/* End PBXResourcesBuildPhase section */

/* Begin PBXSourcesBuildPhase section */
		3B214D5C2982CDBA0064F61B /* Sources */ = {
			isa = PBXSourcesBuildPhase;
			buildActionMask = 2147483647;
			files = (
				3B214D782982CE860064F61B /* GameplayView.swift in Sources */,
				3B214D842982D4210064F61B /* ListOfCharacters.swift in Sources */,
				3B214D7E2982D15D0064F61B /* MainMenuView.swift in Sources */,
				3B214D822982D1E60064F61B /* ContentView.swift in Sources */,
				3B214D762982CE520064F61B /* HeroSelectionView.swift in Sources */,
				3B214D742982CE3F0064F61B /* DifficultyLevelView.swift in Sources */,
				3B214D7A2982CE9F0064F61B /* CongratulationsView.swift in Sources */,
				3B214D642982CDBA0064F61B /* Marvel_MysteryApp.swift in Sources */,
			);
			runOnlyForDeploymentPostprocessing = 0;
		};
/* End PBXSourcesBuildPhase section */

/* Begin XCBuildConfiguration section */
		3B214D6C2982CDBB0064F61B /* Debug */ = {
			isa = XCBuildConfiguration;
			buildSettings = {
				ALWAYS_SEARCH_USER_PATHS = NO;
				CLANG_ANALYZER_NONNULL = YES;
				CLANG_ANALYZER_NUMBER_OBJECT_CONVERSION = YES_AGGRESSIVE;
				CLANG_CXX_LANGUAGE_STANDARD = "gnu++20";
				CLANG_ENABLE_MODULES = YES;
				CLANG_ENABLE_OBJC_ARC = YES;
				CLANG_ENABLE_OBJC_WEAK = YES;
				CLANG_WARN_BLOCK_CAPTURE_AUTORELEASING = YES;
				CLANG_WARN_BOOL_CONVERSION = YES;
				CLANG_WARN_COMMA = YES;
				CLANG_WARN_CONSTANT_CONVERSION = YES;
				CLANG_WARN_DEPRECATED_OBJC_IMPLEMENTATIONS = YES;
				CLANG_WARN_DIRECT_OBJC_ISA_USAGE = YES_ERROR;
				CLANG_WARN_DOCUMENTATION_COMMENTS = YES;
				CLANG_WARN_EMPTY_BODY = YES;
				CLANG_WARN_ENUM_CONVERSION = YES;
				CLANG_WARN_INFINITE_RECURSION = YES;
				CLANG_WARN_INT_CONVERSION = YES;
				CLANG_WARN_NON_LITERAL_NULL_CONVERSION = YES;
				CLANG_WARN_OBJC_IMPLICIT_RETAIN_SELF = YES;
				CLANG_WARN_OBJC_LITERAL_CONVERSION = YES;
				CLANG_WARN_OBJC_ROOT_CLASS = YES_ERROR;
				CLANG_WARN_QUOTED_INCLUDE_IN_FRAMEWORK_HEADER = YES;
				CLANG_WARN_RANGE_LOOP_ANALYSIS = YES;
				CLANG_WARN_STRICT_PROTOTYPES = YES;
				CLANG_WARN_SUSPICIOUS_MOVE = YES;
				CLANG_WARN_UNGUARDED_AVAILABILITY = YES_AGGRESSIVE;
				CLANG_WARN_UNREACHABLE_CODE = YES;
				CLANG_WARN__DUPLICATE_METHOD_MATCH = YES;
				COPY_PHASE_STRIP = NO;
				DEBUG_INFORMATION_FORMAT = dwarf;
				ENABLE_STRICT_OBJC_MSGSEND = YES;
				ENABLE_TESTABILITY = YES;
				GCC_C_LANGUAGE_STANDARD = gnu11;
				GCC_DYNAMIC_NO_PIC = NO;
				GCC_NO_COMMON_BLOCKS = YES;
				GCC_OPTIMIZATION_LEVEL = 0;
				GCC_PREPROCESSOR_DEFINITIONS = (
					"DEBUG=1",
					"$(inherited)",
				);
				GCC_WARN_64_TO_32_BIT_CONVERSION = YES;
				GCC_WARN_ABOUT_RETURN_TYPE = YES_ERROR;
				GCC_WARN_UNDECLARED_SELECTOR = YES;
				GCC_WARN_UNINITIALIZED_AUTOS = YES_AGGRESSIVE;
				GCC_WARN_UNUSED_FUNCTION = YES;
				GCC_WARN_UNUSED_VARIABLE = YES;
				IPHONEOS_DEPLOYMENT_TARGET = 16.2;
				MTL_ENABLE_DEBUG_INFO = INCLUDE_SOURCE;
				MTL_FAST_MATH = YES;
				ONLY_ACTIVE_ARCH = YES;
				SDKROOT = iphoneos;
				SWIFT_ACTIVE_COMPILATION_CONDITIONS = DEBUG;
				SWIFT_OPTIMIZATION_LEVEL = "-Onone";
			};
			name = Debug;
		};
		3B214D6D2982CDBB0064F61B /* Release */ = {
			isa = XCBuildConfiguration;
			buildSettings = {
				ALWAYS_SEARCH_USER_PATHS = NO;
				CLANG_ANALYZER_NONNULL = YES;
				CLANG_ANALYZER_NUMBER_OBJECT_CONVERSION = YES_AGGRESSIVE;
				CLANG_CXX_LANGUAGE_STANDARD = "gnu++20";
				CLANG_ENABLE_MODULES = YES;
				CLANG_ENABLE_OBJC_ARC = YES;
				CLANG_ENABLE_OBJC_WEAK = YES;
				CLANG_WARN_BLOCK_CAPTURE_AUTORELEASING = YES;
				CLANG_WARN_BOOL_CONVERSION = YES;
				CLANG_WARN_COMMA = YES;
				CLANG_WARN_CONSTANT_CONVERSION = YES;
				CLANG_WARN_DEPRECATED_OBJC_IMPLEMENTATIONS = YES;
				CLANG_WARN_DIRECT_OBJC_ISA_USAGE = YES_ERROR;
				CLANG_WARN_DOCUMENTATION_COMMENTS = YES;
				CLANG_WARN_EMPTY_BODY = YES;
				CLANG_WARN_ENUM_CONVERSION = YES;
				CLANG_WARN_INFINITE_RECURSION = YES;
				CLANG_WARN_INT_CONVERSION = YES;
				CLANG_WARN_NON_LITERAL_NULL_CONVERSION = YES;
				CLANG_WARN_OBJC_IMPLICIT_RETAIN_SELF = YES;
				CLANG_WARN_OBJC_LITERAL_CONVERSION = YES;
				CLANG_WARN_OBJC_ROOT_CLASS = YES_ERROR;
				CLANG_WARN_QUOTED_INCLUDE_IN_FRAMEWORK_HEADER = YES;
				CLANG_WARN_RANGE_LOOP_ANALYSIS = YES;
				CLANG_WARN_STRICT_PROTOTYPES = YES;
				CLANG_WARN_SUSPICIOUS_MOVE = YES;
				CLANG_WARN_UNGUARDED_AVAILABILITY = YES_AGGRESSIVE;
				CLANG_WARN_UNREACHABLE_CODE = YES;
				CLANG_WARN__DUPLICATE_METHOD_MATCH = YES;
				COPY_PHASE_STRIP = NO;
				DEBUG_INFORMATION_FORMAT = "dwarf-with-dsym";
				ENABLE_NS_ASSERTIONS = NO;
				ENABLE_STRICT_OBJC_MSGSEND = YES;
				GCC_C_LANGUAGE_STANDARD = gnu11;
				GCC_NO_COMMON_BLOCKS = YES;
				GCC_WARN_64_TO_32_BIT_CONVERSION = YES;
				GCC_WARN_ABOUT_RETURN_TYPE = YES_ERROR;
				GCC_WARN_UNDECLARED_SELECTOR = YES;
				GCC_WARN_UNINITIALIZED_AUTOS = YES_AGGRESSIVE;
				GCC_WARN_UNUSED_FUNCTION = YES;
				GCC_WARN_UNUSED_VARIABLE = YES;
				IPHONEOS_DEPLOYMENT_TARGET = 16.2;
				MTL_ENABLE_DEBUG_INFO = NO;
				MTL_FAST_MATH = YES;
				SDKROOT = iphoneos;
				SWIFT_COMPILATION_MODE = wholemodule;
				SWIFT_OPTIMIZATION_LEVEL = "-O";
				VALIDATE_PRODUCT = YES;
			};
			name = Release;
		};
		3B214D6F2982CDBB0064F61B /* Debug */ = {
			isa = XCBuildConfiguration;
			buildSettings = {
				ASSETCATALOG_COMPILER_APPICON_NAME = AppIcon;
				ASSETCATALOG_COMPILER_GLOBAL_ACCENT_COLOR_NAME = AccentColor;
				CODE_SIGN_STYLE = Automatic;
				CURRENT_PROJECT_VERSION = 1;
				DEVELOPMENT_ASSET_PATHS = "\"Marvel Mystery/Preview Content\"";
				ENABLE_PREVIEWS = YES;
				GENERATE_INFOPLIST_FILE = YES;
				INFOPLIST_KEY_UIApplicationSceneManifest_Generation = YES;
				INFOPLIST_KEY_UIApplicationSupportsIndirectInputEvents = YES;
				INFOPLIST_KEY_UILaunchScreen_Generation = YES;
				INFOPLIST_KEY_UISupportedInterfaceOrientations = UIInterfaceOrientationPortrait;
				INFOPLIST_KEY_UISupportedInterfaceOrientations_iPad = "UIInterfaceOrientationPortrait UIInterfaceOrientationPortraitUpsideDown";
				LD_RUNPATH_SEARCH_PATHS = (
					"$(inherited)",
					"@executable_path/Frameworks",
				);
				MARKETING_VERSION = 1.0;
				PRODUCT_BUNDLE_IDENTIFIER = "com.adrianmitrea.Marvel-Mystery";
				PRODUCT_NAME = "$(TARGET_NAME)";
				SWIFT_EMIT_LOC_STRINGS = YES;
				SWIFT_VERSION = 5.0;
				TARGETED_DEVICE_FAMILY = "1,2";
			};
			name = Debug;
		};
		3B214D702982CDBB0064F61B /* Release */ = {
			isa = XCBuildConfiguration;
			buildSettings = {
				ASSETCATALOG_COMPILER_APPICON_NAME = AppIcon;
				ASSETCATALOG_COMPILER_GLOBAL_ACCENT_COLOR_NAME = AccentColor;
				CODE_SIGN_STYLE = Automatic;
				CURRENT_PROJECT_VERSION = 1;
				DEVELOPMENT_ASSET_PATHS = "\"Marvel Mystery/Preview Content\"";
				ENABLE_PREVIEWS = YES;
				GENERATE_INFOPLIST_FILE = YES;
				INFOPLIST_KEY_UIApplicationSceneManifest_Generation = YES;
				INFOPLIST_KEY_UIApplicationSupportsIndirectInputEvents = YES;
				INFOPLIST_KEY_UILaunchScreen_Generation = YES;
				INFOPLIST_KEY_UISupportedInterfaceOrientations = UIInterfaceOrientationPortrait;
				INFOPLIST_KEY_UISupportedInterfaceOrientations_iPad = "UIInterfaceOrientationPortrait UIInterfaceOrientationPortraitUpsideDown";
				LD_RUNPATH_SEARCH_PATHS = (
					"$(inherited)",
					"@executable_path/Frameworks",
				);
				MARKETING_VERSION = 1.0;
				PRODUCT_BUNDLE_IDENTIFIER = "com.adrianmitrea.Marvel-Mystery";
				PRODUCT_NAME = "$(TARGET_NAME)";
				SWIFT_EMIT_LOC_STRINGS = YES;
				SWIFT_VERSION = 5.0;
				TARGETED_DEVICE_FAMILY = "1,2";
			};
			name = Release;
		};
/* End XCBuildConfiguration section */

/* Begin XCConfigurationList section */
		3B214D5B2982CDBA0064F61B /* Build configuration list for PBXProject "Marvel Mystery" */ = {
			isa = XCConfigurationList;
			buildConfigurations = (
				3B214D6C2982CDBB0064F61B /* Debug */,
				3B214D6D2982CDBB0064F61B /* Release */,
			);
			defaultConfigurationIsVisible = 0;
			defaultConfigurationName = Release;
		};
		3B214D6E2982CDBB0064F61B /* Build configuration list for PBXNativeTarget "Marvel Mystery" */ = {
			isa = XCConfigurationList;
			buildConfigurations = (
				3B214D6F2982CDBB0064F61B /* Debug */,
				3B214D702982CDBB0064F61B /* Release */,
			);
			defaultConfigurationIsVisible = 0;
			defaultConfigurationName = Release;
		};
/* End XCConfigurationList section */
	};
	rootObject = 3B214D582982CDBA0064F61B /* Project object */;
}
